PODS:
  - Alamofire (4.8.2)
  - Loaf (0.4.0)
  - Nuke (7.6)
  - NVActivityIndicatorView (4.7.0):
    - NVActivityIndicatorView/Presenter (= 4.7.0)
  - NVActivityIndicatorView/Presenter (4.7.0)
  - SPPermission (3.0.5)

DEPENDENCIES:
  - Alamofire
  - Loaf
  - Nuke
  - NVActivityIndicatorView
  - SPPermission

SPEC REPOS:
  https://github.com/cocoapods/specs.git:
    - Alamofire
    - Loaf
    - Nuke
    - NVActivityIndicatorView
    - SPPermission

SPEC CHECKSUMS:
  Alamofire: ae5c501addb7afdbb13687d7f2f722c78734c2d3
  Loaf: 070a55b75527d541e710f69c0c7642ead3676a96
  Nuke: aa1c6a5919b543debe814530881f2fccb58c26d4
  NVActivityIndicatorView: b19ddab2576f805cbe0fb2306cba3476e09a1dea
  SPPermission: 6a6fcd3f5625dcb13c24de0d43fbfc4114f49532

PODFILE CHECKSUM: 32af6397d4c65699b8e52554fda8ff4322eb7b3c

COCOAPODS: 1.7.0.beta.3
